
Microsoft Visual Studio Solution File, Format Version 12.00
# Visual Studio Version 16
VisualStudioVersion = 16.0.31313.79
MinimumVisualStudioVersion = 10.0.40219.1
Project("{8BC9CEB8-8B4A-11D0-8D11-00A0C91BC942}") = "1071", "1071.vcxproj", "{1B8858F1-1A26-48CD-8D12-3D5A6123C23C}"
EndProject
Global
	GlobalSection(SolutionConfigurationPlatforms) = preSolution
		Debug|x64 = Debug|x64
		Debug|x86 = Debug|x86
		Release|x64 = Release|x64
		Release|x86 = Release|x86
	EndGlobalSection
	GlobalSection(ProjectConfigurationPlatforms) = postSolution
		{1B8858F1-1A26-48CD-8D12-3D5A6123C23C}.Debug|x64.ActiveCfg = Debug|x64
		{1B8858F1-1A26-48CD-8D12-3D5A6123C23C}.Debug|x64.Build.0 = Debug|x64
		{1B8858F1-1A26-48CD-8D12-3D5A6123C23C}.Debug|x86.ActiveCfg = Debug|Win32
		{1B8858F1-1A26-48CD-8D12-3D5A6123C23C}.Debug|x86.Build.0 = Debug|Win32
		{1B8858F1-1A26-48CD-8D12-3D5A6123C23C}.Release|x64.ActiveCfg = Release|x64
		{1B8858F1-1A26-48CD-8D12-3D5A6123C23C}.Release|x64.Build.0 = Release|x64
		{1B8858F1-1A26-48CD-8D12-3D5A6123C23C}.Release|x86.ActiveCfg = Release|Win32
		{1B8858F1-1A26-48CD-8D12-3D5A6123C23C}.Release|x86.Build.0 = Release|Win32
	EndGlobalSection
	GlobalSection(SolutionProperties) = preSolution
		HideSolutionNode = FALSE
	EndGlobalSection
	GlobalSection(ExtensibilityGlobals) = postSolution
		SolutionGuid = {5F2BAC81-A01E-428A-81B6-12765FA9479A}
	EndGlobalSection
EndGlobal
