
Microsoft Visual Studio Solution File, Format Version 12.00
# Visual Studio Version 16
VisualStudioVersion = 16.0.31205.134
MinimumVisualStudioVersion = 10.0.40219.1
Project("{8BC9CEB8-8B4A-11D0-8D11-00A0C91BC942}") = "1063", "1063\1063.vcxproj", "{CBF72A84-8703-4070-AD69-9948F3B89741}"
EndProject
Global
	GlobalSection(SolutionConfigurationPlatforms) = preSolution
		Debug|x64 = Debug|x64
		Debug|x86 = Debug|x86
		Release|x64 = Release|x64
		Release|x86 = Release|x86
	EndGlobalSection
	GlobalSection(ProjectConfigurationPlatforms) = postSolution
		{CBF72A84-8703-4070-AD69-9948F3B89741}.Debug|x64.ActiveCfg = Debug|x64
		{CBF72A84-8703-4070-AD69-9948F3B89741}.Debug|x64.Build.0 = Debug|x64
		{CBF72A84-8703-4070-AD69-9948F3B89741}.Debug|x86.ActiveCfg = Debug|Win32
		{CBF72A84-8703-4070-AD69-9948F3B89741}.Debug|x86.Build.0 = Debug|Win32
		{CBF72A84-8703-4070-AD69-9948F3B89741}.Release|x64.ActiveCfg = Release|x64
		{CBF72A84-8703-4070-AD69-9948F3B89741}.Release|x64.Build.0 = Release|x64
		{CBF72A84-8703-4070-AD69-9948F3B89741}.Release|x86.ActiveCfg = Release|Win32
		{CBF72A84-8703-4070-AD69-9948F3B89741}.Release|x86.Build.0 = Release|Win32
	EndGlobalSection
	GlobalSection(SolutionProperties) = preSolution
		HideSolutionNode = FALSE
	EndGlobalSection
	GlobalSection(ExtensibilityGlobals) = postSolution
		SolutionGuid = {965DA01F-3FF6-4BA7-A81A-83D44FEA03C8}
	EndGlobalSection
EndGlobal
